
Microsoft Visual Studio Solution File, Format Version 12.00
# Visual Studio Version 17
VisualStudioVersion = 17.2.32630.192
MinimumVisualStudioVersion = 10.0.40219.1
Project("{2150E333-8FDC-42A3-9474-1A3956D46DE8}") = "src", "src", "{E7D4CACC-FC74-49FB-886F-5497F8A238A6}"
EndProject
Project("{2150E333-8FDC-42A3-9474-1A3956D46DE8}") = "tests", "tests", "{A8B48220-9BD0-4AE0-8150-B4C6575331E7}"
EndProject
Project("{2150E333-8FDC-42A3-9474-1A3956D46DE8}") = "Identity", "Identity", "{CCABDD1A-38B6-4803-B932-C54A2B8D5DDA}"
EndProject
Project("{2150E333-8FDC-42A3-9474-1A3956D46DE8}") = "Catalog", "Catalog", "{19A87DB4-9B69-4016-A153-E5506C7F72A6}"
EndProject
Project("{2150E333-8FDC-42A3-9474-1A3956D46DE8}") = "Basket", "Basket", "{2E6F5707-C153-415C-A110-23E1C4B15795}"
EndProject
Project("{2150E333-8FDC-42A3-9474-1A3956D46DE8}") = "Ordering", "Ordering", "{F44E9CB8-4B4F-48F2-AF0A-CCF0BCFE4FE4}"
EndProject
Project("{2150E333-8FDC-42A3-9474-1A3956D46DE8}") = "Payment", "Payment", "{51D96EF1-8723-467A-A6DC-29AAA19D4916}"
EndProject
Project("{2150E333-8FDC-42A3-9474-1A3956D46DE8}") = "Services", "Services", "{1F0C1E32-516C-48FA-964F-A3B82923137B}"
EndProject
Project("{2150E333-8FDC-42A3-9474-1A3956D46DE8}") = "Core", "Core", "{60558C01-1FDB-45FC-A103-8C5D62A45CEA}"
EndProject
Project("{9A19103F-16F7-4668-BE54-9A1E7A4F7556}") = "eShopCoffe.Identity.Application", "src\Services\Identity\eShopCoffe.Identity.Application\eShopCoffe.Identity.Application.csproj", "{B38758FD-17EA-4BA9-8D3B-67122A3196BB}"
EndProject
Project("{9A19103F-16F7-4668-BE54-9A1E7A4F7556}") = "eShopCoffe.Identity.Domain", "src\Services\Identity\eShopCoffe.Identity.Domain\eShopCoffe.Identity.Domain.csproj", "{0A2A53AB-933D-4187-A592-D18D904FA78C}"
EndProject
Project("{9A19103F-16F7-4668-BE54-9A1E7A4F7556}") = "eShopCoffe.Identity.Infra.Data", "src\Services\Identity\eShopCoffe.Identity.Infra.Data\eShopCoffe.Identity.Infra.Data.csproj", "{975E7CAC-E4DA-44BA-8A21-20D0CF45FC43}"
EndProject
Project("{9A19103F-16F7-4668-BE54-9A1E7A4F7556}") = "eShopCoffe.Core", "src\Core\eShopCoffe.Core\eShopCoffe.Core.csproj", "{95AC2C11-8ADA-43C3-8BF0-3B6DB9371981}"
EndProject
Project("{9A19103F-16F7-4668-BE54-9A1E7A4F7556}") = "eShopCoffe.API", "src\eShopCoffe.API\eShopCoffe.API.csproj", "{8C4204A5-254E-413B-B0F2-8576D78DF426}"
EndProject
Project("{FAE04EC0-301F-11D3-BF4B-00C04F79EFBC}") = "eShopCoffe.Context", "src\Core\eShopCoffe.Context\eShopCoffe.Context.csproj", "{4F93FE69-9E54-4F65-8606-4D8F697F5533}"
EndProject
Global
	GlobalSection(SolutionConfigurationPlatforms) = preSolution
		Debug|Any CPU = Debug|Any CPU
		Release|Any CPU = Release|Any CPU
	EndGlobalSection
	GlobalSection(ProjectConfigurationPlatforms) = postSolution
		{B38758FD-17EA-4BA9-8D3B-67122A3196BB}.Debug|Any CPU.ActiveCfg = Debug|Any CPU
		{B38758FD-17EA-4BA9-8D3B-67122A3196BB}.Debug|Any CPU.Build.0 = Debug|Any CPU
		{B38758FD-17EA-4BA9-8D3B-67122A3196BB}.Release|Any CPU.ActiveCfg = Release|Any CPU
		{B38758FD-17EA-4BA9-8D3B-67122A3196BB}.Release|Any CPU.Build.0 = Release|Any CPU
		{0A2A53AB-933D-4187-A592-D18D904FA78C}.Debug|Any CPU.ActiveCfg = Debug|Any CPU
		{0A2A53AB-933D-4187-A592-D18D904FA78C}.Debug|Any CPU.Build.0 = Debug|Any CPU
		{0A2A53AB-933D-4187-A592-D18D904FA78C}.Release|Any CPU.ActiveCfg = Release|Any CPU
		{0A2A53AB-933D-4187-A592-D18D904FA78C}.Release|Any CPU.Build.0 = Release|Any CPU
		{975E7CAC-E4DA-44BA-8A21-20D0CF45FC43}.Debug|Any CPU.ActiveCfg = Debug|Any CPU
		{975E7CAC-E4DA-44BA-8A21-20D0CF45FC43}.Debug|Any CPU.Build.0 = Debug|Any CPU
		{975E7CAC-E4DA-44BA-8A21-20D0CF45FC43}.Release|Any CPU.ActiveCfg = Release|Any CPU
		{975E7CAC-E4DA-44BA-8A21-20D0CF45FC43}.Release|Any CPU.Build.0 = Release|Any CPU
		{95AC2C11-8ADA-43C3-8BF0-3B6DB9371981}.Debug|Any CPU.ActiveCfg = Debug|Any CPU
		{95AC2C11-8ADA-43C3-8BF0-3B6DB9371981}.Debug|Any CPU.Build.0 = Debug|Any CPU
		{95AC2C11-8ADA-43C3-8BF0-3B6DB9371981}.Release|Any CPU.ActiveCfg = Release|Any CPU
		{95AC2C11-8ADA-43C3-8BF0-3B6DB9371981}.Release|Any CPU.Build.0 = Release|Any CPU
		{8C4204A5-254E-413B-B0F2-8576D78DF426}.Debug|Any CPU.ActiveCfg = Debug|Any CPU
		{8C4204A5-254E-413B-B0F2-8576D78DF426}.Debug|Any CPU.Build.0 = Debug|Any CPU
		{8C4204A5-254E-413B-B0F2-8576D78DF426}.Release|Any CPU.ActiveCfg = Release|Any CPU
		{8C4204A5-254E-413B-B0F2-8576D78DF426}.Release|Any CPU.Build.0 = Release|Any CPU
		{4F93FE69-9E54-4F65-8606-4D8F697F5533}.Debug|Any CPU.ActiveCfg = Debug|Any CPU
		{4F93FE69-9E54-4F65-8606-4D8F697F5533}.Debug|Any CPU.Build.0 = Debug|Any CPU
		{4F93FE69-9E54-4F65-8606-4D8F697F5533}.Release|Any CPU.ActiveCfg = Release|Any CPU
		{4F93FE69-9E54-4F65-8606-4D8F697F5533}.Release|Any CPU.Build.0 = Release|Any CPU
	EndGlobalSection
	GlobalSection(SolutionProperties) = preSolution
		HideSolutionNode = FALSE
	EndGlobalSection
	GlobalSection(NestedProjects) = preSolution
		{CCABDD1A-38B6-4803-B932-C54A2B8D5DDA} = {1F0C1E32-516C-48FA-964F-A3B82923137B}
		{19A87DB4-9B69-4016-A153-E5506C7F72A6} = {1F0C1E32-516C-48FA-964F-A3B82923137B}
		{2E6F5707-C153-415C-A110-23E1C4B15795} = {1F0C1E32-516C-48FA-964F-A3B82923137B}
		{F44E9CB8-4B4F-48F2-AF0A-CCF0BCFE4FE4} = {1F0C1E32-516C-48FA-964F-A3B82923137B}
		{51D96EF1-8723-467A-A6DC-29AAA19D4916} = {1F0C1E32-516C-48FA-964F-A3B82923137B}
		{1F0C1E32-516C-48FA-964F-A3B82923137B} = {E7D4CACC-FC74-49FB-886F-5497F8A238A6}
		{60558C01-1FDB-45FC-A103-8C5D62A45CEA} = {E7D4CACC-FC74-49FB-886F-5497F8A238A6}
		{B38758FD-17EA-4BA9-8D3B-67122A3196BB} = {CCABDD1A-38B6-4803-B932-C54A2B8D5DDA}
		{0A2A53AB-933D-4187-A592-D18D904FA78C} = {CCABDD1A-38B6-4803-B932-C54A2B8D5DDA}
		{975E7CAC-E4DA-44BA-8A21-20D0CF45FC43} = {CCABDD1A-38B6-4803-B932-C54A2B8D5DDA}
		{95AC2C11-8ADA-43C3-8BF0-3B6DB9371981} = {60558C01-1FDB-45FC-A103-8C5D62A45CEA}
		{8C4204A5-254E-413B-B0F2-8576D78DF426} = {E7D4CACC-FC74-49FB-886F-5497F8A238A6}
		{4F93FE69-9E54-4F65-8606-4D8F697F5533} = {60558C01-1FDB-45FC-A103-8C5D62A45CEA}
	EndGlobalSection
	GlobalSection(ExtensibilityGlobals) = postSolution
		SolutionGuid = {3CC42A90-A343-46A4-8CA0-00A7004F1437}
	EndGlobalSection
EndGlobal
