
Microsoft Visual Studio Solution File, Format Version 12.00
# Visual Studio Version 17
VisualStudioVersion = 17.2.32630.192
MinimumVisualStudioVersion = 10.0.40219.1
Project("{2150E333-8FDC-42A3-9474-1A3956D46DE8}") = "src", "src", "{E7D4CACC-FC74-49FB-886F-5497F8A238A6}"
EndProject
Project("{2150E333-8FDC-42A3-9474-1A3956D46DE8}") = "tests", "tests", "{A8B48220-9BD0-4AE0-8150-B4C6575331E7}"
EndProject
Project("{2150E333-8FDC-42A3-9474-1A3956D46DE8}") = "Identity", "Identity", "{CCABDD1A-38B6-4803-B932-C54A2B8D5DDA}"
EndProject
Project("{2150E333-8FDC-42A3-9474-1A3956D46DE8}") = "Catalog", "Catalog", "{19A87DB4-9B69-4016-A153-E5506C7F72A6}"
EndProject
Project("{2150E333-8FDC-42A3-9474-1A3956D46DE8}") = "Basket", "Basket", "{2E6F5707-C153-415C-A110-23E1C4B15795}"
EndProject
Project("{2150E333-8FDC-42A3-9474-1A3956D46DE8}") = "Ordering", "Ordering", "{F44E9CB8-4B4F-48F2-AF0A-CCF0BCFE4FE4}"
EndProject
Project("{2150E333-8FDC-42A3-9474-1A3956D46DE8}") = "Payment", "Payment", "{51D96EF1-8723-467A-A6DC-29AAA19D4916}"
EndProject
Project("{2150E333-8FDC-42A3-9474-1A3956D46DE8}") = "Services", "Services", "{1F0C1E32-516C-48FA-964F-A3B82923137B}"
EndProject
Project("{2150E333-8FDC-42A3-9474-1A3956D46DE8}") = "Shared", "Shared", "{60558C01-1FDB-45FC-A103-8C5D62A45CEA}"
EndProject
Project("{9A19103F-16F7-4668-BE54-9A1E7A4F7556}") = "eShopCoffe.Identity.Application", "src\Services\Identity\eShopCoffe.Identity.Application\eShopCoffe.Identity.Application.csproj", "{B38758FD-17EA-4BA9-8D3B-67122A3196BB}"
EndProject
Project("{9A19103F-16F7-4668-BE54-9A1E7A4F7556}") = "eShopCoffe.Identity.Domain", "src\Services\Identity\eShopCoffe.Identity.Domain\eShopCoffe.Identity.Domain.csproj", "{0A2A53AB-933D-4187-A592-D18D904FA78C}"
EndProject
Project("{9A19103F-16F7-4668-BE54-9A1E7A4F7556}") = "eShopCoffe.Identity.Infra.Data", "src\Services\Identity\eShopCoffe.Identity.Infra.Data\eShopCoffe.Identity.Infra.Data.csproj", "{975E7CAC-E4DA-44BA-8A21-20D0CF45FC43}"
EndProject
Project("{9A19103F-16F7-4668-BE54-9A1E7A4F7556}") = "eShopCoffe.API", "src\eShopCoffe.API\eShopCoffe.API.csproj", "{8C4204A5-254E-413B-B0F2-8576D78DF426}"
EndProject
Project("{9A19103F-16F7-4668-BE54-9A1E7A4F7556}") = "eShopCoffe.Catalog.Application", "src\Services\Catalog\eShopCoffe.Catalog.Application\eShopCoffe.Catalog.Application.csproj", "{137F51F5-E82D-4ED2-A710-21337E6B41EB}"
EndProject
Project("{9A19103F-16F7-4668-BE54-9A1E7A4F7556}") = "eShopCoffe.Catalog.Infra.Data", "src\Services\Catalog\eShopCoffe.Catalog.Infra.Data\eShopCoffe.Catalog.Infra.Data.csproj", "{F7B57DA7-7BCA-4575-818B-756752DAA425}"
EndProject
Project("{9A19103F-16F7-4668-BE54-9A1E7A4F7556}") = "eShopCoffe.Catalog.Domain", "src\Services\Catalog\eShopCoffe.Catalog.Domain\eShopCoffe.Catalog.Domain.csproj", "{D70851D5-8AC9-4DED-A2A4-23A56D89F62C}"
EndProject
Project("{9A19103F-16F7-4668-BE54-9A1E7A4F7556}") = "eShopCoffe.Core", "src\Shared\eShopCoffe.Core\eShopCoffe.Core.csproj", "{DFA53C4E-A8A7-48EC-8D03-0D4A5A6267E5}"
EndProject
Project("{9A19103F-16F7-4668-BE54-9A1E7A4F7556}") = "eShopCoffe.Context", "src\Shared\eShopCoffe.Context\eShopCoffe.Context.csproj", "{A4536418-4FF3-42CC-9B69-56899E01E2C7}"
EndProject
Project("{2150E333-8FDC-42A3-9474-1A3956D46DE8}") = "Shared", "Shared", "{4807F4F3-6373-482F-9521-5FA5C9C945FA}"
EndProject
Project("{9A19103F-16F7-4668-BE54-9A1E7A4F7556}") = "eShopCoffe.Core.Tests", "tests\Shared\eShopCoffe.Core.Tests\eShopCoffe.Core.Tests.csproj", "{F25AB303-C17A-45C0-9AF2-5769527E8DF7}"
EndProject
Project("{2150E333-8FDC-42A3-9474-1A3956D46DE8}") = "Services", "Services", "{28483DA4-DB71-459B-AA23-B9A22C696966}"
EndProject
Project("{2150E333-8FDC-42A3-9474-1A3956D46DE8}") = "Identity", "Identity", "{C843F57F-D5F8-4316-A449-F14C1220958B}"
EndProject
Project("{9A19103F-16F7-4668-BE54-9A1E7A4F7556}") = "eShopCoffe.Identity.Domain.Tests", "tests\Services\Identity\eShopCoffe.Identity.Domain.Tests\eShopCoffe.Identity.Domain.Tests.csproj", "{D5FA979C-1DB6-4865-8462-29F91C161B62}"
EndProject
Project("{9A19103F-16F7-4668-BE54-9A1E7A4F7556}") = "eShopCoffe.Identity.Infra.Data.Tests", "tests\Services\Identity\eShopCoffe.Identity.Infra.Data.Tests\eShopCoffe.Identity.Infra.Data.Tests.csproj", "{39B88654-616D-42E0-B4B9-0C2F98D49043}"
EndProject
Project("{9A19103F-16F7-4668-BE54-9A1E7A4F7556}") = "eShopCoffe.Identity.Application.Tests", "tests\Services\Identity\eShopCoffe.Identity.Application.Tests\eShopCoffe.Identity.Application.Tests.csproj", "{ED48F480-EEC0-4B92-AECF-5FACE8D524C2}"
EndProject
Project("{2150E333-8FDC-42A3-9474-1A3956D46DE8}") = "Catalog", "Catalog", "{636D9B31-9345-43E3-A25E-DA4095F1C158}"
EndProject
Project("{2150E333-8FDC-42A3-9474-1A3956D46DE8}") = "Basket", "Basket", "{E5CA07E8-BA7C-406A-8136-E152C6466A21}"
EndProject
Project("{2150E333-8FDC-42A3-9474-1A3956D46DE8}") = "Ordering", "Ordering", "{0EFB5CB4-F4B9-4824-BD1F-1544E545EF5D}"
EndProject
Project("{2150E333-8FDC-42A3-9474-1A3956D46DE8}") = "Payment", "Payment", "{CB471F84-EF4D-4045-8C61-135E14821B70}"
EndProject
Project("{9A19103F-16F7-4668-BE54-9A1E7A4F7556}") = "eShopCoffe.Catalog.Application.Tests", "tests\Services\Catalog\eShopCoffe.Catalog.Application.Tests\eShopCoffe.Catalog.Application.Tests.csproj", "{7DB41F57-1F7C-44A3-869E-44099C4C7E9D}"
EndProject
Project("{9A19103F-16F7-4668-BE54-9A1E7A4F7556}") = "eShopCoffe.Catalog.Domain.Tests", "tests\Services\Catalog\eShopCoffe.Catalog.Domain.Tests\eShopCoffe.Catalog.Domain.Tests.csproj", "{9477CDEC-51AC-48E0-8BF5-8AD7AEEE0DD7}"
EndProject
Project("{9A19103F-16F7-4668-BE54-9A1E7A4F7556}") = "eShopCoffe.Catalog.Infra.Data.Tests", "tests\Services\Catalog\eShopCoffe.Catalog.Infra.Data.Tests\eShopCoffe.Catalog.Infra.Data.Tests.csproj", "{243B6B6E-926D-4444-8370-162DB6D760BD}"
EndProject
Project("{9A19103F-16F7-4668-BE54-9A1E7A4F7556}") = "eShopCoffe.Basket.Domain", "src\Services\Basket\eShopCoffe.Basket.Domain\eShopCoffe.Basket.Domain.csproj", "{1EBA85BB-49C7-44A8-AF25-65D69DE5FCA2}"
EndProject
Project("{9A19103F-16F7-4668-BE54-9A1E7A4F7556}") = "eShopCoffe.Basket.Application", "src\Services\Basket\eShopCoffe.Basket.Application\eShopCoffe.Basket.Application.csproj", "{A4900D06-CB29-4901-9A7A-60D5018FFE21}"
EndProject
Project("{9A19103F-16F7-4668-BE54-9A1E7A4F7556}") = "eShopCoffe.Basket.Infra.Data", "src\Services\Basket\eShopCoffe.Basket.Infra.Data\eShopCoffe.Basket.Infra.Data.csproj", "{B075938C-C797-4770-8E0C-3AAC64CEA8D6}"
EndProject
Project("{9A19103F-16F7-4668-BE54-9A1E7A4F7556}") = "eShopCoffe.Basket.Application.Tests", "tests\Services\Basket\eShopCoffe.Basket.Application.Tests\eShopCoffe.Basket.Application.Tests.csproj", "{54FCE8E9-E524-4130-8862-AF2169E0A66E}"
EndProject
Project("{9A19103F-16F7-4668-BE54-9A1E7A4F7556}") = "eShopCoffe.Basket.Domain.Tests", "tests\Services\Basket\eShopCoffe.Basket.Domain.Tests\eShopCoffe.Basket.Domain.Tests.csproj", "{7621E11D-017C-432C-BA39-A526368A70D0}"
EndProject
Project("{9A19103F-16F7-4668-BE54-9A1E7A4F7556}") = "eShopCoffe.Basket.Infra.Data.Tests", "tests\Services\Basket\eShopCoffe.Basket.Infra.Data.Tests\eShopCoffe.Basket.Infra.Data.Tests.csproj", "{00D87077-E881-44A4-A014-453E926866C5}"
EndProject
Project("{9A19103F-16F7-4668-BE54-9A1E7A4F7556}") = "eShopCoffe.Ordering.Domain", "src\Services\Ordering\eShopCoffe.Ordering.Domain\eShopCoffe.Ordering.Domain.csproj", "{F15E0BB3-87C4-4AC6-89D1-B6EDA9B152D3}"
EndProject
Project("{9A19103F-16F7-4668-BE54-9A1E7A4F7556}") = "eShopCoffe.Ordering.Application", "src\Services\Ordering\eShopCoffe.Ordering.Application\eShopCoffe.Ordering.Application.csproj", "{1ADC75A0-53A8-4563-BDA0-6D18DD29B7A7}"
EndProject
Project("{9A19103F-16F7-4668-BE54-9A1E7A4F7556}") = "eShopCoffe.Ordering.Infra.Data", "src\Services\Ordering\eShopCoffe.Ordering.Infra.Data\eShopCoffe.Ordering.Infra.Data.csproj", "{4538CFE2-655B-488B-88B5-DAD334AD14D6}"
EndProject
Project("{FAE04EC0-301F-11D3-BF4B-00C04F79EFBC}") = "eShopCoffe.Ordering.Domain.Tests", "tests\Services\Ordering\eShopCoffe.Ordering.Domain.Tests\eShopCoffe.Ordering.Domain.Tests.csproj", "{D004EC6A-EE3C-49E5-B247-1E427FAE77C2}"
EndProject
Project("{FAE04EC0-301F-11D3-BF4B-00C04F79EFBC}") = "eShopCoffe.Ordering.Application.Tests", "tests\Services\Ordering\eShopCoffe.Ordering.Application.Tests\eShopCoffe.Ordering.Application.Tests.csproj", "{8446A7CF-4880-41BF-B396-74658C561F80}"
EndProject
Project("{FAE04EC0-301F-11D3-BF4B-00C04F79EFBC}") = "eShopCoffe.Ordering.Infra.Data.Tests", "tests\Services\Ordering\eShopCoffe.Ordering.Infra.Data.Tests\eShopCoffe.Ordering.Infra.Data.Tests.csproj", "{5C52AE6B-A521-4011-8EA3-A8F4B89A07FE}"
EndProject
Global
	GlobalSection(SolutionConfigurationPlatforms) = preSolution
		Debug|Any CPU = Debug|Any CPU
		Release|Any CPU = Release|Any CPU
	EndGlobalSection
	GlobalSection(ProjectConfigurationPlatforms) = postSolution
		{B38758FD-17EA-4BA9-8D3B-67122A3196BB}.Debug|Any CPU.ActiveCfg = Debug|Any CPU
		{B38758FD-17EA-4BA9-8D3B-67122A3196BB}.Debug|Any CPU.Build.0 = Debug|Any CPU
		{B38758FD-17EA-4BA9-8D3B-67122A3196BB}.Release|Any CPU.ActiveCfg = Release|Any CPU
		{B38758FD-17EA-4BA9-8D3B-67122A3196BB}.Release|Any CPU.Build.0 = Release|Any CPU
		{0A2A53AB-933D-4187-A592-D18D904FA78C}.Debug|Any CPU.ActiveCfg = Debug|Any CPU
		{0A2A53AB-933D-4187-A592-D18D904FA78C}.Debug|Any CPU.Build.0 = Debug|Any CPU
		{0A2A53AB-933D-4187-A592-D18D904FA78C}.Release|Any CPU.ActiveCfg = Release|Any CPU
		{0A2A53AB-933D-4187-A592-D18D904FA78C}.Release|Any CPU.Build.0 = Release|Any CPU
		{975E7CAC-E4DA-44BA-8A21-20D0CF45FC43}.Debug|Any CPU.ActiveCfg = Debug|Any CPU
		{975E7CAC-E4DA-44BA-8A21-20D0CF45FC43}.Debug|Any CPU.Build.0 = Debug|Any CPU
		{975E7CAC-E4DA-44BA-8A21-20D0CF45FC43}.Release|Any CPU.ActiveCfg = Release|Any CPU
		{975E7CAC-E4DA-44BA-8A21-20D0CF45FC43}.Release|Any CPU.Build.0 = Release|Any CPU
		{8C4204A5-254E-413B-B0F2-8576D78DF426}.Debug|Any CPU.ActiveCfg = Debug|Any CPU
		{8C4204A5-254E-413B-B0F2-8576D78DF426}.Debug|Any CPU.Build.0 = Debug|Any CPU
		{8C4204A5-254E-413B-B0F2-8576D78DF426}.Release|Any CPU.ActiveCfg = Release|Any CPU
		{8C4204A5-254E-413B-B0F2-8576D78DF426}.Release|Any CPU.Build.0 = Release|Any CPU
		{137F51F5-E82D-4ED2-A710-21337E6B41EB}.Debug|Any CPU.ActiveCfg = Debug|Any CPU
		{137F51F5-E82D-4ED2-A710-21337E6B41EB}.Debug|Any CPU.Build.0 = Debug|Any CPU
		{137F51F5-E82D-4ED2-A710-21337E6B41EB}.Release|Any CPU.ActiveCfg = Release|Any CPU
		{137F51F5-E82D-4ED2-A710-21337E6B41EB}.Release|Any CPU.Build.0 = Release|Any CPU
		{F7B57DA7-7BCA-4575-818B-756752DAA425}.Debug|Any CPU.ActiveCfg = Debug|Any CPU
		{F7B57DA7-7BCA-4575-818B-756752DAA425}.Debug|Any CPU.Build.0 = Debug|Any CPU
		{F7B57DA7-7BCA-4575-818B-756752DAA425}.Release|Any CPU.ActiveCfg = Release|Any CPU
		{F7B57DA7-7BCA-4575-818B-756752DAA425}.Release|Any CPU.Build.0 = Release|Any CPU
		{D70851D5-8AC9-4DED-A2A4-23A56D89F62C}.Debug|Any CPU.ActiveCfg = Debug|Any CPU
		{D70851D5-8AC9-4DED-A2A4-23A56D89F62C}.Debug|Any CPU.Build.0 = Debug|Any CPU
		{D70851D5-8AC9-4DED-A2A4-23A56D89F62C}.Release|Any CPU.ActiveCfg = Release|Any CPU
		{D70851D5-8AC9-4DED-A2A4-23A56D89F62C}.Release|Any CPU.Build.0 = Release|Any CPU
		{DFA53C4E-A8A7-48EC-8D03-0D4A5A6267E5}.Debug|Any CPU.ActiveCfg = Debug|Any CPU
		{DFA53C4E-A8A7-48EC-8D03-0D4A5A6267E5}.Debug|Any CPU.Build.0 = Debug|Any CPU
		{DFA53C4E-A8A7-48EC-8D03-0D4A5A6267E5}.Release|Any CPU.ActiveCfg = Release|Any CPU
		{DFA53C4E-A8A7-48EC-8D03-0D4A5A6267E5}.Release|Any CPU.Build.0 = Release|Any CPU
		{A4536418-4FF3-42CC-9B69-56899E01E2C7}.Debug|Any CPU.ActiveCfg = Debug|Any CPU
		{A4536418-4FF3-42CC-9B69-56899E01E2C7}.Debug|Any CPU.Build.0 = Debug|Any CPU
		{A4536418-4FF3-42CC-9B69-56899E01E2C7}.Release|Any CPU.ActiveCfg = Release|Any CPU
		{A4536418-4FF3-42CC-9B69-56899E01E2C7}.Release|Any CPU.Build.0 = Release|Any CPU
		{F25AB303-C17A-45C0-9AF2-5769527E8DF7}.Debug|Any CPU.ActiveCfg = Debug|Any CPU
		{F25AB303-C17A-45C0-9AF2-5769527E8DF7}.Debug|Any CPU.Build.0 = Debug|Any CPU
		{F25AB303-C17A-45C0-9AF2-5769527E8DF7}.Release|Any CPU.ActiveCfg = Release|Any CPU
		{F25AB303-C17A-45C0-9AF2-5769527E8DF7}.Release|Any CPU.Build.0 = Release|Any CPU
		{D5FA979C-1DB6-4865-8462-29F91C161B62}.Debug|Any CPU.ActiveCfg = Debug|Any CPU
		{D5FA979C-1DB6-4865-8462-29F91C161B62}.Debug|Any CPU.Build.0 = Debug|Any CPU
		{D5FA979C-1DB6-4865-8462-29F91C161B62}.Release|Any CPU.ActiveCfg = Release|Any CPU
		{D5FA979C-1DB6-4865-8462-29F91C161B62}.Release|Any CPU.Build.0 = Release|Any CPU
		{39B88654-616D-42E0-B4B9-0C2F98D49043}.Debug|Any CPU.ActiveCfg = Debug|Any CPU
		{39B88654-616D-42E0-B4B9-0C2F98D49043}.Debug|Any CPU.Build.0 = Debug|Any CPU
		{39B88654-616D-42E0-B4B9-0C2F98D49043}.Release|Any CPU.ActiveCfg = Release|Any CPU
		{39B88654-616D-42E0-B4B9-0C2F98D49043}.Release|Any CPU.Build.0 = Release|Any CPU
		{ED48F480-EEC0-4B92-AECF-5FACE8D524C2}.Debug|Any CPU.ActiveCfg = Debug|Any CPU
		{ED48F480-EEC0-4B92-AECF-5FACE8D524C2}.Debug|Any CPU.Build.0 = Debug|Any CPU
		{ED48F480-EEC0-4B92-AECF-5FACE8D524C2}.Release|Any CPU.ActiveCfg = Release|Any CPU
		{ED48F480-EEC0-4B92-AECF-5FACE8D524C2}.Release|Any CPU.Build.0 = Release|Any CPU
		{7DB41F57-1F7C-44A3-869E-44099C4C7E9D}.Debug|Any CPU.ActiveCfg = Debug|Any CPU
		{7DB41F57-1F7C-44A3-869E-44099C4C7E9D}.Debug|Any CPU.Build.0 = Debug|Any CPU
		{7DB41F57-1F7C-44A3-869E-44099C4C7E9D}.Release|Any CPU.ActiveCfg = Release|Any CPU
		{7DB41F57-1F7C-44A3-869E-44099C4C7E9D}.Release|Any CPU.Build.0 = Release|Any CPU
		{9477CDEC-51AC-48E0-8BF5-8AD7AEEE0DD7}.Debug|Any CPU.ActiveCfg = Debug|Any CPU
		{9477CDEC-51AC-48E0-8BF5-8AD7AEEE0DD7}.Debug|Any CPU.Build.0 = Debug|Any CPU
		{9477CDEC-51AC-48E0-8BF5-8AD7AEEE0DD7}.Release|Any CPU.ActiveCfg = Release|Any CPU
		{9477CDEC-51AC-48E0-8BF5-8AD7AEEE0DD7}.Release|Any CPU.Build.0 = Release|Any CPU
		{243B6B6E-926D-4444-8370-162DB6D760BD}.Debug|Any CPU.ActiveCfg = Debug|Any CPU
		{243B6B6E-926D-4444-8370-162DB6D760BD}.Debug|Any CPU.Build.0 = Debug|Any CPU
		{243B6B6E-926D-4444-8370-162DB6D760BD}.Release|Any CPU.ActiveCfg = Release|Any CPU
		{243B6B6E-926D-4444-8370-162DB6D760BD}.Release|Any CPU.Build.0 = Release|Any CPU
		{1EBA85BB-49C7-44A8-AF25-65D69DE5FCA2}.Debug|Any CPU.ActiveCfg = Debug|Any CPU
		{1EBA85BB-49C7-44A8-AF25-65D69DE5FCA2}.Debug|Any CPU.Build.0 = Debug|Any CPU
		{1EBA85BB-49C7-44A8-AF25-65D69DE5FCA2}.Release|Any CPU.ActiveCfg = Release|Any CPU
		{1EBA85BB-49C7-44A8-AF25-65D69DE5FCA2}.Release|Any CPU.Build.0 = Release|Any CPU
		{A4900D06-CB29-4901-9A7A-60D5018FFE21}.Debug|Any CPU.ActiveCfg = Debug|Any CPU
		{A4900D06-CB29-4901-9A7A-60D5018FFE21}.Debug|Any CPU.Build.0 = Debug|Any CPU
		{A4900D06-CB29-4901-9A7A-60D5018FFE21}.Release|Any CPU.ActiveCfg = Release|Any CPU
		{A4900D06-CB29-4901-9A7A-60D5018FFE21}.Release|Any CPU.Build.0 = Release|Any CPU
		{B075938C-C797-4770-8E0C-3AAC64CEA8D6}.Debug|Any CPU.ActiveCfg = Debug|Any CPU
		{B075938C-C797-4770-8E0C-3AAC64CEA8D6}.Debug|Any CPU.Build.0 = Debug|Any CPU
		{B075938C-C797-4770-8E0C-3AAC64CEA8D6}.Release|Any CPU.ActiveCfg = Release|Any CPU
		{B075938C-C797-4770-8E0C-3AAC64CEA8D6}.Release|Any CPU.Build.0 = Release|Any CPU
		{54FCE8E9-E524-4130-8862-AF2169E0A66E}.Debug|Any CPU.ActiveCfg = Debug|Any CPU
		{54FCE8E9-E524-4130-8862-AF2169E0A66E}.Debug|Any CPU.Build.0 = Debug|Any CPU
		{54FCE8E9-E524-4130-8862-AF2169E0A66E}.Release|Any CPU.ActiveCfg = Release|Any CPU
		{54FCE8E9-E524-4130-8862-AF2169E0A66E}.Release|Any CPU.Build.0 = Release|Any CPU
		{7621E11D-017C-432C-BA39-A526368A70D0}.Debug|Any CPU.ActiveCfg = Debug|Any CPU
		{7621E11D-017C-432C-BA39-A526368A70D0}.Debug|Any CPU.Build.0 = Debug|Any CPU
		{7621E11D-017C-432C-BA39-A526368A70D0}.Release|Any CPU.ActiveCfg = Release|Any CPU
		{7621E11D-017C-432C-BA39-A526368A70D0}.Release|Any CPU.Build.0 = Release|Any CPU
		{00D87077-E881-44A4-A014-453E926866C5}.Debug|Any CPU.ActiveCfg = Debug|Any CPU
		{00D87077-E881-44A4-A014-453E926866C5}.Debug|Any CPU.Build.0 = Debug|Any CPU
		{00D87077-E881-44A4-A014-453E926866C5}.Release|Any CPU.ActiveCfg = Release|Any CPU
		{00D87077-E881-44A4-A014-453E926866C5}.Release|Any CPU.Build.0 = Release|Any CPU
		{F15E0BB3-87C4-4AC6-89D1-B6EDA9B152D3}.Debug|Any CPU.ActiveCfg = Debug|Any CPU
		{F15E0BB3-87C4-4AC6-89D1-B6EDA9B152D3}.Debug|Any CPU.Build.0 = Debug|Any CPU
		{F15E0BB3-87C4-4AC6-89D1-B6EDA9B152D3}.Release|Any CPU.ActiveCfg = Release|Any CPU
		{F15E0BB3-87C4-4AC6-89D1-B6EDA9B152D3}.Release|Any CPU.Build.0 = Release|Any CPU
		{1ADC75A0-53A8-4563-BDA0-6D18DD29B7A7}.Debug|Any CPU.ActiveCfg = Debug|Any CPU
		{1ADC75A0-53A8-4563-BDA0-6D18DD29B7A7}.Debug|Any CPU.Build.0 = Debug|Any CPU
		{1ADC75A0-53A8-4563-BDA0-6D18DD29B7A7}.Release|Any CPU.ActiveCfg = Release|Any CPU
		{1ADC75A0-53A8-4563-BDA0-6D18DD29B7A7}.Release|Any CPU.Build.0 = Release|Any CPU
		{4538CFE2-655B-488B-88B5-DAD334AD14D6}.Debug|Any CPU.ActiveCfg = Debug|Any CPU
		{4538CFE2-655B-488B-88B5-DAD334AD14D6}.Debug|Any CPU.Build.0 = Debug|Any CPU
		{4538CFE2-655B-488B-88B5-DAD334AD14D6}.Release|Any CPU.ActiveCfg = Release|Any CPU
		{4538CFE2-655B-488B-88B5-DAD334AD14D6}.Release|Any CPU.Build.0 = Release|Any CPU
		{D004EC6A-EE3C-49E5-B247-1E427FAE77C2}.Debug|Any CPU.ActiveCfg = Debug|Any CPU
		{D004EC6A-EE3C-49E5-B247-1E427FAE77C2}.Debug|Any CPU.Build.0 = Debug|Any CPU
		{D004EC6A-EE3C-49E5-B247-1E427FAE77C2}.Release|Any CPU.ActiveCfg = Release|Any CPU
		{D004EC6A-EE3C-49E5-B247-1E427FAE77C2}.Release|Any CPU.Build.0 = Release|Any CPU
		{8446A7CF-4880-41BF-B396-74658C561F80}.Debug|Any CPU.ActiveCfg = Debug|Any CPU
		{8446A7CF-4880-41BF-B396-74658C561F80}.Debug|Any CPU.Build.0 = Debug|Any CPU
		{8446A7CF-4880-41BF-B396-74658C561F80}.Release|Any CPU.ActiveCfg = Release|Any CPU
		{8446A7CF-4880-41BF-B396-74658C561F80}.Release|Any CPU.Build.0 = Release|Any CPU
		{5C52AE6B-A521-4011-8EA3-A8F4B89A07FE}.Debug|Any CPU.ActiveCfg = Debug|Any CPU
		{5C52AE6B-A521-4011-8EA3-A8F4B89A07FE}.Debug|Any CPU.Build.0 = Debug|Any CPU
		{5C52AE6B-A521-4011-8EA3-A8F4B89A07FE}.Release|Any CPU.ActiveCfg = Release|Any CPU
		{5C52AE6B-A521-4011-8EA3-A8F4B89A07FE}.Release|Any CPU.Build.0 = Release|Any CPU
	EndGlobalSection
	GlobalSection(SolutionProperties) = preSolution
		HideSolutionNode = FALSE
	EndGlobalSection
	GlobalSection(NestedProjects) = preSolution
		{CCABDD1A-38B6-4803-B932-C54A2B8D5DDA} = {1F0C1E32-516C-48FA-964F-A3B82923137B}
		{19A87DB4-9B69-4016-A153-E5506C7F72A6} = {1F0C1E32-516C-48FA-964F-A3B82923137B}
		{2E6F5707-C153-415C-A110-23E1C4B15795} = {1F0C1E32-516C-48FA-964F-A3B82923137B}
		{F44E9CB8-4B4F-48F2-AF0A-CCF0BCFE4FE4} = {1F0C1E32-516C-48FA-964F-A3B82923137B}
		{51D96EF1-8723-467A-A6DC-29AAA19D4916} = {1F0C1E32-516C-48FA-964F-A3B82923137B}
		{1F0C1E32-516C-48FA-964F-A3B82923137B} = {E7D4CACC-FC74-49FB-886F-5497F8A238A6}
		{60558C01-1FDB-45FC-A103-8C5D62A45CEA} = {E7D4CACC-FC74-49FB-886F-5497F8A238A6}
		{B38758FD-17EA-4BA9-8D3B-67122A3196BB} = {CCABDD1A-38B6-4803-B932-C54A2B8D5DDA}
		{0A2A53AB-933D-4187-A592-D18D904FA78C} = {CCABDD1A-38B6-4803-B932-C54A2B8D5DDA}
		{975E7CAC-E4DA-44BA-8A21-20D0CF45FC43} = {CCABDD1A-38B6-4803-B932-C54A2B8D5DDA}
		{8C4204A5-254E-413B-B0F2-8576D78DF426} = {E7D4CACC-FC74-49FB-886F-5497F8A238A6}
		{137F51F5-E82D-4ED2-A710-21337E6B41EB} = {19A87DB4-9B69-4016-A153-E5506C7F72A6}
		{F7B57DA7-7BCA-4575-818B-756752DAA425} = {19A87DB4-9B69-4016-A153-E5506C7F72A6}
		{D70851D5-8AC9-4DED-A2A4-23A56D89F62C} = {19A87DB4-9B69-4016-A153-E5506C7F72A6}
		{DFA53C4E-A8A7-48EC-8D03-0D4A5A6267E5} = {60558C01-1FDB-45FC-A103-8C5D62A45CEA}
		{A4536418-4FF3-42CC-9B69-56899E01E2C7} = {60558C01-1FDB-45FC-A103-8C5D62A45CEA}
		{4807F4F3-6373-482F-9521-5FA5C9C945FA} = {A8B48220-9BD0-4AE0-8150-B4C6575331E7}
		{F25AB303-C17A-45C0-9AF2-5769527E8DF7} = {4807F4F3-6373-482F-9521-5FA5C9C945FA}
		{28483DA4-DB71-459B-AA23-B9A22C696966} = {A8B48220-9BD0-4AE0-8150-B4C6575331E7}
		{C843F57F-D5F8-4316-A449-F14C1220958B} = {28483DA4-DB71-459B-AA23-B9A22C696966}
		{D5FA979C-1DB6-4865-8462-29F91C161B62} = {C843F57F-D5F8-4316-A449-F14C1220958B}
		{39B88654-616D-42E0-B4B9-0C2F98D49043} = {C843F57F-D5F8-4316-A449-F14C1220958B}
		{ED48F480-EEC0-4B92-AECF-5FACE8D524C2} = {C843F57F-D5F8-4316-A449-F14C1220958B}
		{636D9B31-9345-43E3-A25E-DA4095F1C158} = {28483DA4-DB71-459B-AA23-B9A22C696966}
		{E5CA07E8-BA7C-406A-8136-E152C6466A21} = {28483DA4-DB71-459B-AA23-B9A22C696966}
		{0EFB5CB4-F4B9-4824-BD1F-1544E545EF5D} = {28483DA4-DB71-459B-AA23-B9A22C696966}
		{CB471F84-EF4D-4045-8C61-135E14821B70} = {28483DA4-DB71-459B-AA23-B9A22C696966}
		{7DB41F57-1F7C-44A3-869E-44099C4C7E9D} = {636D9B31-9345-43E3-A25E-DA4095F1C158}
		{9477CDEC-51AC-48E0-8BF5-8AD7AEEE0DD7} = {636D9B31-9345-43E3-A25E-DA4095F1C158}
		{243B6B6E-926D-4444-8370-162DB6D760BD} = {636D9B31-9345-43E3-A25E-DA4095F1C158}
		{1EBA85BB-49C7-44A8-AF25-65D69DE5FCA2} = {2E6F5707-C153-415C-A110-23E1C4B15795}
		{A4900D06-CB29-4901-9A7A-60D5018FFE21} = {2E6F5707-C153-415C-A110-23E1C4B15795}
		{B075938C-C797-4770-8E0C-3AAC64CEA8D6} = {2E6F5707-C153-415C-A110-23E1C4B15795}
		{54FCE8E9-E524-4130-8862-AF2169E0A66E} = {E5CA07E8-BA7C-406A-8136-E152C6466A21}
		{7621E11D-017C-432C-BA39-A526368A70D0} = {E5CA07E8-BA7C-406A-8136-E152C6466A21}
		{00D87077-E881-44A4-A014-453E926866C5} = {E5CA07E8-BA7C-406A-8136-E152C6466A21}
		{F15E0BB3-87C4-4AC6-89D1-B6EDA9B152D3} = {F44E9CB8-4B4F-48F2-AF0A-CCF0BCFE4FE4}
		{1ADC75A0-53A8-4563-BDA0-6D18DD29B7A7} = {F44E9CB8-4B4F-48F2-AF0A-CCF0BCFE4FE4}
		{4538CFE2-655B-488B-88B5-DAD334AD14D6} = {F44E9CB8-4B4F-48F2-AF0A-CCF0BCFE4FE4}
		{D004EC6A-EE3C-49E5-B247-1E427FAE77C2} = {0EFB5CB4-F4B9-4824-BD1F-1544E545EF5D}
		{8446A7CF-4880-41BF-B396-74658C561F80} = {0EFB5CB4-F4B9-4824-BD1F-1544E545EF5D}
		{5C52AE6B-A521-4011-8EA3-A8F4B89A07FE} = {0EFB5CB4-F4B9-4824-BD1F-1544E545EF5D}
	EndGlobalSection
	GlobalSection(ExtensibilityGlobals) = postSolution
		SolutionGuid = {3CC42A90-A343-46A4-8CA0-00A7004F1437}
	EndGlobalSection
EndGlobal
